// !$*UTF8*$!
{
	archiveVersion = 1;
	classes = {
	};
	objectVersion = 48;
	objects = {

/* Begin PBXBuildFile section */
		B9F842021FBD6E6C0092C32A /* AppDelegate.m in Sources */ = {isa = PBXBuildFile; fileRef = B9F842011FBD6E6C0092C32A /* AppDelegate.m */; };
		B9F842051FBD6E6C0092C32A /* ViewController.m in Sources */ = {isa = PBXBuildFile; fileRef = B9F842041FBD6E6C0092C32A /* ViewController.m */; };
		B9F842081FBD6E6C0092C32A /* Main.storyboard in Resources */ = {isa = PBXBuildFile; fileRef = B9F842061FBD6E6C0092C32A /* Main.storyboard */; };
		B9F8420A1FBD6E6C0092C32A /* Assets.xcassets in Resources */ = {isa = PBXBuildFile; fileRef = B9F842091FBD6E6C0092C32A /* Assets.xcassets */; };
		B9F8420D1FBD6E6C0092C32A /* LaunchScreen.storyboard in Resources */ = {isa = PBXBuildFile; fileRef = B9F8420B1FBD6E6C0092C32A /* LaunchScreen.storyboard */; };
		B9F842101FBD6E6C0092C32A /* main.m in Sources */ = {isa = PBXBuildFile; fileRef = B9F8420F1FBD6E6C0092C32A /* main.m */; };
		B9F8421B1FBD6EF20092C32A /* GYAlertView.m in Sources */ = {isa = PBXBuildFile; fileRef = B9F8421A1FBD6EF20092C32A /* GYAlertView.m */; };
/* End PBXBuildFile section */

/* Begin PBXFileReference section */
		B9F841FD1FBD6E6C0092C32A /* GYAlertView.app */ = {isa = PBXFileReference; explicitFileType = wrapper.application; includeInIndex = 0; path = GYAlertView.app; sourceTree = BUILT_PRODUCTS_DIR; };
		B9F842001FBD6E6C0092C32A /* AppDelegate.h */ = {isa = PBXFileReference; lastKnownFileType = sourcecode.c.h; path = AppDelegate.h; sourceTree = "<group>"; };
		B9F842011FBD6E6C0092C32A /* AppDelegate.m */ = {isa = PBXFileReference; lastKnownFileType = sourcecode.c.objc; path = AppDelegate.m; sourceTree = "<group>"; };
		B9F842031FBD6E6C0092C32A /* ViewController.h */ = {isa = PBXFileReference; lastKnownFileType = sourcecode.c.h; path = ViewController.h; sourceTree = "<group>"; };
		B9F842041FBD6E6C0092C32A /* ViewController.m */ = {isa = PBXFileReference; lastKnownFileType = sourcecode.c.objc; path = ViewController.m; sourceTree = "<group>"; };
		B9F842071FBD6E6C0092C32A /* Base */ = {isa = PBXFileReference; lastKnownFileType = file.storyboard; name = Base; path = Base.lproj/Main.storyboard; sourceTree = "<group>"; };
		B9F842091FBD6E6C0092C32A /* Assets.xcassets */ = {isa = PBXFileReference; lastKnownFileType = folder.assetcatalog; path = Assets.xcassets; sourceTree = "<group>"; };
		B9F8420C1FBD6E6C0092C32A /* Base */ = {isa = PBXFileReference; lastKnownFileType = file.storyboard; name = Base; path = Base.lproj/LaunchScreen.storyboard; sourceTree = "<group>"; };
		B9F8420E1FBD6E6C0092C32A /* Info.plist */ = {isa = PBXFileReference; lastKnownFileType = text.plist.xml; path = Info.plist; sourceTree = "<group>"; };
		B9F8420F1FBD6E6C0092C32A /* main.m */ = {isa = PBXFileReference; lastKnownFileType = sourcecode.c.objc; path = main.m; sourceTree = "<group>"; };
		B9F842191FBD6EF20092C32A /* GYAlertView.h */ = {isa = PBXFileReference; lastKnownFileType = sourcecode.c.h; path = GYAlertView.h; sourceTree = "<group>"; };
		B9F8421A1FBD6EF20092C32A /* GYAlertView.m */ = {isa = PBXFileReference; lastKnownFileType = sourcecode.c.objc; path = GYAlertView.m; sourceTree = "<group>"; };
/* End PBXFileReference section */

/* Begin PBXFrameworksBuildPhase section */
		B9F841FA1FBD6E6C0092C32A /* Frameworks */ = {
			isa = PBXFrameworksBuildPhase;
			buildActionMask = 2147483647;
			files = (
			);
			runOnlyForDeploymentPostprocessing = 0;
		};
/* End PBXFrameworksBuildPhase section */

/* Begin PBXGroup section */
		B9F841F41FBD6E6C0092C32A = {
			isa = PBXGroup;
			children = (
				B9F841FF1FBD6E6C0092C32A /* GYAlertView */,
				B9F841FE1FBD6E6C0092C32A /* Products */,
			);
			sourceTree = "<group>";
		};
		B9F841FE1FBD6E6C0092C32A /* Products */ = {
			isa = PBXGroup;
			children = (
				B9F841FD1FBD6E6C0092C32A /* GYAlertView.app */,
			);
			name = Products;
			sourceTree = "<group>";
		};
		B9F841FF1FBD6E6C0092C32A /* GYAlertView */ = {
			isa = PBXGroup;
			children = (
				B9F842181FBD6ED90092C32A /* GYAlertView */,
				B9F842001FBD6E6C0092C32A /* AppDelegate.h */,
				B9F842011FBD6E6C0092C32A /* AppDelegate.m */,
				B9F842031FBD6E6C0092C32A /* ViewController.h */,
				B9F842041FBD6E6C0092C32A /* ViewController.m */,
				B9F842061FBD6E6C0092C32A /* Main.storyboard */,
				B9F842091FBD6E6C0092C32A /* Assets.xcassets */,
				B9F8420B1FBD6E6C0092C32A /* LaunchScreen.storyboard */,
				B9F8420E1FBD6E6C0092C32A /* Info.plist */,
				B9F8420F1FBD6E6C0092C32A /* main.m */,
			);
			path = GYAlertView;
			sourceTree = "<group>";
		};
		B9F842181FBD6ED90092C32A /* GYAlertView */ = {
			isa = PBXGroup;
			children = (
				B9F842191FBD6EF20092C32A /* GYAlertView.h */,
				B9F8421A1FBD6EF20092C32A /* GYAlertView.m */,
			);
			path = GYAlertView;
			sourceTree = "<group>";
		};
/* End PBXGroup section */

/* Begin PBXNativeTarget section */
		B9F841FC1FBD6E6C0092C32A /* GYAlertView */ = {
			isa = PBXNativeTarget;
			buildConfigurationList = B9F842131FBD6E6C0092C32A /* Build configuration list for PBXNativeTarget "GYAlertView" */;
			buildPhases = (
				B9F841F91FBD6E6C0092C32A /* Sources */,
				B9F841FA1FBD6E6C0092C32A /* Frameworks */,
				B9F841FB1FBD6E6C0092C32A /* Resources */,
			);
			buildRules = (
			);
			dependencies = (
			);
			name = GYAlertView;
			productName = GYAlertView;
			productReference = B9F841FD1FBD6E6C0092C32A /* GYAlertView.app */;
			productType = "com.apple.product-type.application";
		};
/* End PBXNativeTarget section */

/* Begin PBXProject section */
		B9F841F51FBD6E6C0092C32A /* Project object */ = {
			isa = PBXProject;
			attributes = {
				LastUpgradeCheck = 0910;
				ORGANIZATIONNAME = gyyang;
				TargetAttributes = {
					B9F841FC1FBD6E6C0092C32A = {
						CreatedOnToolsVersion = 9.1;
						ProvisioningStyle = Automatic;
					};
				};
			};
			buildConfigurationList = B9F841F81FBD6E6C0092C32A /* Build configuration list for PBXProject "GYAlertView" */;
			compatibilityVersion = "Xcode 8.0";
			developmentRegion = en;
			hasScannedForEncodings = 0;
			knownRegions = (
				en,
				Base,
			);
			mainGroup = B9F841F41FBD6E6C0092C32A;
			productRefGroup = B9F841FE1FBD6E6C0092C32A /* Products */;
			projectDirPath = "";
			projectRoot = "";
			targets = (
				B9F841FC1FBD6E6C0092C32A /* GYAlertView */,
			);
		};
/* End PBXProject section */

/* Begin PBXResourcesBuildPhase section */
		B9F841FB1FBD6E6C0092C32A /* Resources */ = {
			isa = PBXResourcesBuildPhase;
			buildActionMask = 2147483647;
			files = (
				B9F8420D1FBD6E6C0092C32A /* LaunchScreen.storyboard in Resources */,
				B9F8420A1FBD6E6C0092C32A /* Assets.xcassets in Resources */,
				B9F842081FBD6E6C0092C32A /* Main.storyboard in Resources */,
			);
			runOnlyForDeploymentPostprocessing = 0;
		};
/* End PBXResourcesBuildPhase section */

/* Begin PBXSourcesBuildPhase section */
		B9F841F91FBD6E6C0092C32A /* Sources */ = {
			isa = PBXSourcesBuildPhase;
			buildActionMask = 2147483647;
			files = (
				B9F842051FBD6E6C0092C32A /* ViewController.m in Sources */,
				B9F842101FBD6E6C0092C32A /* main.m in Sources */,
				B9F842021FBD6E6C0092C32A /* AppDelegate.m in Sources */,
				B9F8421B1FBD6EF20092C32A /* GYAlertView.m in Sources */,
			);
			runOnlyForDeploymentPostprocessing = 0;
		};
/* End PBXSourcesBuildPhase section */

/* Begin PBXVariantGroup section */
		B9F842061FBD6E6C0092C32A /* Main.storyboard */ = {
			isa = PBXVariantGroup;
			children = (
				B9F842071FBD6E6C0092C32A /* Base */,
			);
			name = Main.storyboard;
			sourceTree = "<group>";
		};
		B9F8420B1FBD6E6C0092C32A /* LaunchScreen.storyboard */ = {
			isa = PBXVariantGroup;
			children = (
				B9F8420C1FBD6E6C0092C32A /* Base */,
			);
			name = LaunchScreen.storyboard;
			sourceTree = "<group>";
		};
/* End PBXVariantGroup section */

/* Begin XCBuildConfiguration section */
		B9F842111FBD6E6C0092C32A /* Debug */ = {
			isa = XCBuildConfiguration;
			buildSettings = {
				ALWAYS_SEARCH_USER_PATHS = NO;
				CLANG_ANALYZER_NONNULL = YES;
				CLANG_ANALYZER_NUMBER_OBJECT_CONVERSION = YES_AGGRESSIVE;
				CLANG_CXX_LANGUAGE_STANDARD = "gnu++14";
				CLANG_CXX_LIBRARY = "libc++";
				CLANG_ENABLE_MODULES = YES;
				CLANG_ENABLE_OBJC_ARC = YES;
				CLANG_WARN_BLOCK_CAPTURE_AUTORELEASING = YES;
				CLANG_WARN_BOOL_CONVERSION = YES;
				CLANG_WARN_COMMA = YES;
				CLANG_WARN_CONSTANT_CONVERSION = YES;
				CLANG_WARN_DIRECT_OBJC_ISA_USAGE = YES_ERROR;
				CLANG_WARN_DOCUMENTATION_COMMENTS = YES;
				CLANG_WARN_EMPTY_BODY = YES;
				CLANG_WARN_ENUM_CONVERSION = YES;
				CLANG_WARN_INFINITE_RECURSION = YES;
				CLANG_WARN_INT_CONVERSION = YES;
				CLANG_WARN_NON_LITERAL_NULL_CONVERSION = YES;
				CLANG_WARN_OBJC_LITERAL_CONVERSION = YES;
				CLANG_WARN_OBJC_ROOT_CLASS = YES_ERROR;
				CLANG_WARN_RANGE_LOOP_ANALYSIS = YES;
				CLANG_WARN_STRICT_PROTOTYPES = YES;
				CLANG_WARN_SUSPICIOUS_MOVE = YES;
				CLANG_WARN_UNGUARDED_AVAILABILITY = YES_AGGRESSIVE;
				CLANG_WARN_UNREACHABLE_CODE = YES;
				CLANG_WARN__DUPLICATE_METHOD_MATCH = YES;
				CODE_SIGN_IDENTITY = "iPhone Developer";
				COPY_PHASE_STRIP = NO;
				DEBUG_INFORMATION_FORMAT = dwarf;
				ENABLE_STRICT_OBJC_MSGSEND = YES;
				ENABLE_TESTABILITY = YES;
				GCC_C_LANGUAGE_STANDARD = gnu11;
				GCC_DYNAMIC_NO_PIC = NO;
				GCC_NO_COMMON_BLOCKS = YES;
				GCC_OPTIMIZATION_LEVEL = 0;
				GCC_PREPROCESSOR_DEFINITIONS = (
					"DEBUG=1",
					"$(inherited)",
				);
				GCC_WARN_64_TO_32_BIT_CONVERSION = YES;
				GCC_WARN_ABOUT_RETURN_TYPE = YES_ERROR;
				GCC_WARN_UNDECLARED_SELECTOR = YES;
				GCC_WARN_UNINITIALIZED_AUTOS = YES_AGGRESSIVE;
				GCC_WARN_UNUSED_FUNCTION = YES;
				GCC_WARN_UNUSED_VARIABLE = YES;
				IPHONEOS_DEPLOYMENT_TARGET = 11.1;
				MTL_ENABLE_DEBUG_INFO = YES;
				ONLY_ACTIVE_ARCH = YES;
				SDKROOT = iphoneos;
			};
			name = Debug;
		};
		B9F842121FBD6E6C0092C32A /* Release */ = {
			isa = XCBuildConfiguration;
			buildSettings = {
				ALWAYS_SEARCH_USER_PATHS = NO;
				CLANG_ANALYZER_NONNULL = YES;
				CLANG_ANALYZER_NUMBER_OBJECT_CONVERSION = YES_AGGRESSIVE;
				CLANG_CXX_LANGUAGE_STANDARD = "gnu++14";
				CLANG_CXX_LIBRARY = "libc++";
				CLANG_ENABLE_MODULES = YES;
				CLANG_ENABLE_OBJC_ARC = YES;
				CLANG_WARN_BLOCK_CAPTURE_AUTORELEASING = YES;
				CLANG_WARN_BOOL_CONVERSION = YES;
				CLANG_WARN_COMMA = YES;
				CLANG_WARN_CONSTANT_CONVERSION = YES;
				CLANG_WARN_DIRECT_OBJC_ISA_USAGE = YES_ERROR;
				CLANG_WARN_DOCUMENTATION_COMMENTS = YES;
				CLANG_WARN_EMPTY_BODY = YES;
				CLANG_WARN_ENUM_CONVERSION = YES;
				CLANG_WARN_INFINITE_RECURSION = YES;
				CLANG_WARN_INT_CONVERSION = YES;
				CLANG_WARN_NON_LITERAL_NULL_CONVERSION = YES;
				CLANG_WARN_OBJC_LITERAL_CONVERSION = YES;
				CLANG_WARN_OBJC_ROOT_CLASS = YES_ERROR;
				CLANG_WARN_RANGE_LOOP_ANALYSIS = YES;
				CLANG_WARN_STRICT_PROTOTYPES = YES;
				CLANG_WARN_SUSPICIOUS_MOVE = YES;
				CLANG_WARN_UNGUARDED_AVAILABILITY = YES_AGGRESSIVE;
				CLANG_WARN_UNREACHABLE_CODE = YES;
				CLANG_WARN__DUPLICATE_METHOD_MATCH = YES;
				CODE_SIGN_IDENTITY = "iPhone Developer";
				COPY_PHASE_STRIP = NO;
				DEBUG_INFORMATION_FORMAT = "dwarf-with-dsym";
				ENABLE_NS_ASSERTIONS = NO;
				ENABLE_STRICT_OBJC_MSGSEND = YES;
				GCC_C_LANGUAGE_STANDARD = gnu11;
				GCC_NO_COMMON_BLOCKS = YES;
				GCC_WARN_64_TO_32_BIT_CONVERSION = YES;
				GCC_WARN_ABOUT_RETURN_TYPE = YES_ERROR;
				GCC_WARN_UNDECLARED_SELECTOR = YES;
				GCC_WARN_UNINITIALIZED_AUTOS = YES_AGGRESSIVE;
				GCC_WARN_UNUSED_FUNCTION = YES;
				GCC_WARN_UNUSED_VARIABLE = YES;
				IPHONEOS_DEPLOYMENT_TARGET = 11.1;
				MTL_ENABLE_DEBUG_INFO = NO;
				SDKROOT = iphoneos;
				VALIDATE_PRODUCT = YES;
			};
			name = Release;
		};
		B9F842141FBD6E6C0092C32A /* Debug */ = {
			isa = XCBuildConfiguration;
			buildSettings = {
				ASSETCATALOG_COMPILER_APPICON_NAME = AppIcon;
				CODE_SIGN_STYLE = Automatic;
				DEVELOPMENT_TEAM = C4RYR3E37H;
				INFOPLIST_FILE = GYAlertView/Info.plist;
				LD_RUNPATH_SEARCH_PATHS = "$(inherited) @executable_path/Frameworks";
				PRODUCT_BUNDLE_IDENTIFIER = com.ygy.ios.GYAlertView;
				PRODUCT_NAME = "$(TARGET_NAME)";
				TARGETED_DEVICE_FAMILY = "1,2";
			};
			name = Debug;
		};
		B9F842151FBD6E6C0092C32A /* Release */ = {
			isa = XCBuildConfiguration;
			buildSettings = {
				ASSETCATALOG_COMPILER_APPICON_NAME = AppIcon;
				CODE_SIGN_STYLE = Automatic;
				DEVELOPMENT_TEAM = C4RYR3E37H;
				INFOPLIST_FILE = GYAlertView/Info.plist;
				LD_RUNPATH_SEARCH_PATHS = "$(inherited) @executable_path/Frameworks";
				PRODUCT_BUNDLE_IDENTIFIER = com.ygy.ios.GYAlertView;
				PRODUCT_NAME = "$(TARGET_NAME)";
				TARGETED_DEVICE_FAMILY = "1,2";
			};
			name = Release;
		};
/* End XCBuildConfiguration section */

/* Begin XCConfigurationList section */
		B9F841F81FBD6E6C0092C32A /* Build configuration list for PBXProject "GYAlertView" */ = {
			isa = XCConfigurationList;
			buildConfigurations = (
				B9F842111FBD6E6C0092C32A /* Debug */,
				B9F842121FBD6E6C0092C32A /* Release */,
			);
			defaultConfigurationIsVisible = 0;
			defaultConfigurationName = Release;
		};
		B9F842131FBD6E6C0092C32A /* Build configuration list for PBXNativeTarget "GYAlertView" */ = {
			isa = XCConfigurationList;
			buildConfigurations = (
				B9F842141FBD6E6C0092C32A /* Debug */,
				B9F842151FBD6E6C0092C32A /* Release */,
			);
			defaultConfigurationIsVisible = 0;
			defaultConfigurationName = Release;
		};
/* End XCConfigurationList section */
	};
	rootObject = B9F841F51FBD6E6C0092C32A /* Project object */;
}
